
Microsoft Visual Studio Solution File, Format Version 12.00
# Visual Studio Version 16
VisualStudioVersion = 16.0.31702.278
MinimumVisualStudioVersion = 10.0.40219.1
Project("{8BC9CEB8-8B4A-11D0-8D11-00A0C91BC942}") = "References(ukazateli)", "References(ukazateli).vcxproj", "{6CE74CF8-DE19-4978-B84B-24A9E5CAF36A}"
EndProject
Global
	GlobalSection(SolutionConfigurationPlatforms) = preSolution
		Debug|x64 = Debug|x64
		Debug|x86 = Debug|x86
		Release|x64 = Release|x64
		Release|x86 = Release|x86
	EndGlobalSection
	GlobalSection(ProjectConfigurationPlatforms) = postSolution
		{6CE74CF8-DE19-4978-B84B-24A9E5CAF36A}.Debug|x64.ActiveCfg = Debug|x64
		{6CE74CF8-DE19-4978-B84B-24A9E5CAF36A}.Debug|x64.Build.0 = Debug|x64
		{6CE74CF8-DE19-4978-B84B-24A9E5CAF36A}.Debug|x86.ActiveCfg = Debug|Win32
		{6CE74CF8-DE19-4978-B84B-24A9E5CAF36A}.Debug|x86.Build.0 = Debug|Win32
		{6CE74CF8-DE19-4978-B84B-24A9E5CAF36A}.Release|x64.ActiveCfg = Release|x64
		{6CE74CF8-DE19-4978-B84B-24A9E5CAF36A}.Release|x64.Build.0 = Release|x64
		{6CE74CF8-DE19-4978-B84B-24A9E5CAF36A}.Release|x86.ActiveCfg = Release|Win32
		{6CE74CF8-DE19-4978-B84B-24A9E5CAF36A}.Release|x86.Build.0 = Release|Win32
	EndGlobalSection
	GlobalSection(SolutionProperties) = preSolution
		HideSolutionNode = FALSE
	EndGlobalSection
	GlobalSection(ExtensibilityGlobals) = postSolution
		SolutionGuid = {81BFD010-2E5C-4976-975C-5C4EDB2D0245}
	EndGlobalSection
EndGlobal
